
Microsoft Visual Studio Solution File, Format Version 12.00
# Visual Studio 15
VisualStudioVersion = 15.0.27130.2020
MinimumVisualStudioVersion = 10.0.40219.1
Project("{FAE04EC0-301F-11D3-BF4B-00C04F79EFBC}") = "EmotionDetectionAsset", "EmotionDetectionAsset\EmotionDetectionAsset.csproj", "{4D1F98C7-6827-4F99-B676-F5C9AF632609}"
EndProject
Project("{FAE04EC0-301F-11D3-BF4B-00C04F79EFBC}") = "EmotionDetectionAsset_Portable", "EmotionDetectionAsset_Portable\EmotionDetectionAsset_Portable.csproj", "{A441FEE9-482A-418E-B046-795B2233B910}"
EndProject
Project("{FAE04EC0-301F-11D3-BF4B-00C04F79EFBC}") = "EmotionDetectionAsset_Test", "EmotionDetectionAsset_Test\EmotionDetectionAsset_Test.csproj", "{FE73B04F-8892-4D0C-AC8B-D247CADE99F3}"
EndProject
Project("{FAE04EC0-301F-11D3-BF4B-00C04F79EFBC}") = "EmotionDetectionAsset_Demo", "EmotionDetectionAsset_Demo\EmotionDetectionAsset_Demo.csproj", "{02272F21-DC9B-4CF1-BAC7-57FA4FA10ED3}"
EndProject
Project("{2150E333-8FDC-42A3-9474-1A3956D46DE8}") = "Solution Items", "Solution Items", "{AFC9F6A3-87D9-437B-BED5-4642A9BD9A7C}"
	ProjectSection(SolutionItems) = preProject
		LICENSE.txt = LICENSE.txt
		README.txt = README.txt
	EndProjectSection
EndProject
Project("{2150E333-8FDC-42A3-9474-1A3956D46DE8}") = "wrapper", "wrapper", "{C5469447-1BAA-4986-89EF-B1784BA6D556}"
	ProjectSection(SolutionItems) = preProject
		wrapper\dlibwrapper.cpp = wrapper\dlibwrapper.cpp
		wrapper\dlibwrapper.h = wrapper\dlibwrapper.h
		wrapper\dlibwrapper.vcxproj = wrapper\dlibwrapper.vcxproj
	EndProjectSection
EndProject
Project("{2150E333-8FDC-42A3-9474-1A3956D46DE8}") = "data", "data", "{807899D0-26A5-468B-9847-3F0D66A40DD5}"
	ProjectSection(SolutionItems) = preProject
		data\FURIA Fuzzy Logic Rules.txt = data\FURIA Fuzzy Logic Rules.txt
		data\shape_predictor_68_face_landmarks.dat = data\shape_predictor_68_face_landmarks.dat
	EndProjectSection
EndProject
Project("{2150E333-8FDC-42A3-9474-1A3956D46DE8}") = "testinput", "testinput", "{26E7F279-F434-41FA-8518-674082105163}"
	ProjectSection(SolutionItems) = preProject
		testinput\Kiavash1.jpg = testinput\Kiavash1.jpg
	EndProjectSection
EndProject
Project("{2150E333-8FDC-42A3-9474-1A3956D46DE8}") = "build", "build", "{5CDA810B-6FE7-4BDA-ABC8-55E757FF9A9D}"
EndProject
Project("{2150E333-8FDC-42A3-9474-1A3956D46DE8}") = "Release", "Release", "{0E855840-A4EA-499B-BC26-62692B266181}"
	ProjectSection(SolutionItems) = preProject
		build\Release\dlibwrapper_x64.dll = build\Release\dlibwrapper_x64.dll
		build\Release\dlibwrapper_x86.dll = build\Release\dlibwrapper_x86.dll
	EndProjectSection
EndProject
Global
	GlobalSection(SolutionConfigurationPlatforms) = preSolution
		Debug|Any CPU = Debug|Any CPU
		Debug|x64 = Debug|x64
		Debug|x86 = Debug|x86
		MinSizeRel|Any CPU = MinSizeRel|Any CPU
		MinSizeRel|x64 = MinSizeRel|x64
		MinSizeRel|x86 = MinSizeRel|x86
		Release|Any CPU = Release|Any CPU
		Release|x64 = Release|x64
		Release|x86 = Release|x86
		RelWithDebInfo|Any CPU = RelWithDebInfo|Any CPU
		RelWithDebInfo|x64 = RelWithDebInfo|x64
		RelWithDebInfo|x86 = RelWithDebInfo|x86
	EndGlobalSection
	GlobalSection(ProjectConfigurationPlatforms) = postSolution
		{4D1F98C7-6827-4F99-B676-F5C9AF632609}.Debug|Any CPU.ActiveCfg = Debug|Any CPU
		{4D1F98C7-6827-4F99-B676-F5C9AF632609}.Debug|Any CPU.Build.0 = Debug|Any CPU
		{4D1F98C7-6827-4F99-B676-F5C9AF632609}.Debug|x64.ActiveCfg = Debug|Any CPU
		{4D1F98C7-6827-4F99-B676-F5C9AF632609}.Debug|x64.Build.0 = Debug|Any CPU
		{4D1F98C7-6827-4F99-B676-F5C9AF632609}.Debug|x86.ActiveCfg = Debug|Any CPU
		{4D1F98C7-6827-4F99-B676-F5C9AF632609}.Debug|x86.Build.0 = Debug|Any CPU
		{4D1F98C7-6827-4F99-B676-F5C9AF632609}.MinSizeRel|Any CPU.ActiveCfg = Release|Any CPU
		{4D1F98C7-6827-4F99-B676-F5C9AF632609}.MinSizeRel|Any CPU.Build.0 = Release|Any CPU
		{4D1F98C7-6827-4F99-B676-F5C9AF632609}.MinSizeRel|x64.ActiveCfg = Release|Any CPU
		{4D1F98C7-6827-4F99-B676-F5C9AF632609}.MinSizeRel|x64.Build.0 = Release|Any CPU
		{4D1F98C7-6827-4F99-B676-F5C9AF632609}.MinSizeRel|x86.ActiveCfg = Release|Any CPU
		{4D1F98C7-6827-4F99-B676-F5C9AF632609}.MinSizeRel|x86.Build.0 = Release|Any CPU
		{4D1F98C7-6827-4F99-B676-F5C9AF632609}.Release|Any CPU.ActiveCfg = Release|Any CPU
		{4D1F98C7-6827-4F99-B676-F5C9AF632609}.Release|Any CPU.Build.0 = Release|Any CPU
		{4D1F98C7-6827-4F99-B676-F5C9AF632609}.Release|x64.ActiveCfg = Release|Any CPU
		{4D1F98C7-6827-4F99-B676-F5C9AF632609}.Release|x64.Build.0 = Release|Any CPU
		{4D1F98C7-6827-4F99-B676-F5C9AF632609}.Release|x86.ActiveCfg = Release|Any CPU
		{4D1F98C7-6827-4F99-B676-F5C9AF632609}.Release|x86.Build.0 = Release|Any CPU
		{4D1F98C7-6827-4F99-B676-F5C9AF632609}.RelWithDebInfo|Any CPU.ActiveCfg = Release|Any CPU
		{4D1F98C7-6827-4F99-B676-F5C9AF632609}.RelWithDebInfo|Any CPU.Build.0 = Release|Any CPU
		{4D1F98C7-6827-4F99-B676-F5C9AF632609}.RelWithDebInfo|x64.ActiveCfg = Release|Any CPU
		{4D1F98C7-6827-4F99-B676-F5C9AF632609}.RelWithDebInfo|x64.Build.0 = Release|Any CPU
		{4D1F98C7-6827-4F99-B676-F5C9AF632609}.RelWithDebInfo|x86.ActiveCfg = Release|Any CPU
		{4D1F98C7-6827-4F99-B676-F5C9AF632609}.RelWithDebInfo|x86.Build.0 = Release|Any CPU
		{A441FEE9-482A-418E-B046-795B2233B910}.Debug|Any CPU.ActiveCfg = Debug|Any CPU
		{A441FEE9-482A-418E-B046-795B2233B910}.Debug|Any CPU.Build.0 = Debug|Any CPU
		{A441FEE9-482A-418E-B046-795B2233B910}.Debug|x64.ActiveCfg = Debug|Any CPU
		{A441FEE9-482A-418E-B046-795B2233B910}.Debug|x64.Build.0 = Debug|Any CPU
		{A441FEE9-482A-418E-B046-795B2233B910}.Debug|x86.ActiveCfg = Debug|Any CPU
		{A441FEE9-482A-418E-B046-795B2233B910}.Debug|x86.Build.0 = Debug|Any CPU
		{A441FEE9-482A-418E-B046-795B2233B910}.MinSizeRel|Any CPU.ActiveCfg = Release|Any CPU
		{A441FEE9-482A-418E-B046-795B2233B910}.MinSizeRel|Any CPU.Build.0 = Release|Any CPU
		{A441FEE9-482A-418E-B046-795B2233B910}.MinSizeRel|x64.ActiveCfg = Release|Any CPU
		{A441FEE9-482A-418E-B046-795B2233B910}.MinSizeRel|x64.Build.0 = Release|Any CPU
		{A441FEE9-482A-418E-B046-795B2233B910}.MinSizeRel|x86.ActiveCfg = Release|Any CPU
		{A441FEE9-482A-418E-B046-795B2233B910}.MinSizeRel|x86.Build.0 = Release|Any CPU
		{A441FEE9-482A-418E-B046-795B2233B910}.Release|Any CPU.ActiveCfg = Release|Any CPU
		{A441FEE9-482A-418E-B046-795B2233B910}.Release|Any CPU.Build.0 = Release|Any CPU
		{A441FEE9-482A-418E-B046-795B2233B910}.Release|x64.ActiveCfg = Release|Any CPU
		{A441FEE9-482A-418E-B046-795B2233B910}.Release|x64.Build.0 = Release|Any CPU
		{A441FEE9-482A-418E-B046-795B2233B910}.Release|x86.ActiveCfg = Release|Any CPU
		{A441FEE9-482A-418E-B046-795B2233B910}.Release|x86.Build.0 = Release|Any CPU
		{A441FEE9-482A-418E-B046-795B2233B910}.RelWithDebInfo|Any CPU.ActiveCfg = Release|Any CPU
		{A441FEE9-482A-418E-B046-795B2233B910}.RelWithDebInfo|Any CPU.Build.0 = Release|Any CPU
		{A441FEE9-482A-418E-B046-795B2233B910}.RelWithDebInfo|x64.ActiveCfg = Release|Any CPU
		{A441FEE9-482A-418E-B046-795B2233B910}.RelWithDebInfo|x64.Build.0 = Release|Any CPU
		{A441FEE9-482A-418E-B046-795B2233B910}.RelWithDebInfo|x86.ActiveCfg = Release|Any CPU
		{A441FEE9-482A-418E-B046-795B2233B910}.RelWithDebInfo|x86.Build.0 = Release|Any CPU
		{FE73B04F-8892-4D0C-AC8B-D247CADE99F3}.Debug|Any CPU.ActiveCfg = Debug|Any CPU
		{FE73B04F-8892-4D0C-AC8B-D247CADE99F3}.Debug|Any CPU.Build.0 = Debug|Any CPU
		{FE73B04F-8892-4D0C-AC8B-D247CADE99F3}.Debug|x64.ActiveCfg = Debug|Any CPU
		{FE73B04F-8892-4D0C-AC8B-D247CADE99F3}.Debug|x64.Build.0 = Debug|Any CPU
		{FE73B04F-8892-4D0C-AC8B-D247CADE99F3}.Debug|x86.ActiveCfg = Debug|Any CPU
		{FE73B04F-8892-4D0C-AC8B-D247CADE99F3}.Debug|x86.Build.0 = Debug|Any CPU
		{FE73B04F-8892-4D0C-AC8B-D247CADE99F3}.MinSizeRel|Any CPU.ActiveCfg = Release|Any CPU
		{FE73B04F-8892-4D0C-AC8B-D247CADE99F3}.MinSizeRel|Any CPU.Build.0 = Release|Any CPU
		{FE73B04F-8892-4D0C-AC8B-D247CADE99F3}.MinSizeRel|x64.ActiveCfg = Release|Any CPU
		{FE73B04F-8892-4D0C-AC8B-D247CADE99F3}.MinSizeRel|x64.Build.0 = Release|Any CPU
		{FE73B04F-8892-4D0C-AC8B-D247CADE99F3}.MinSizeRel|x86.ActiveCfg = Release|Any CPU
		{FE73B04F-8892-4D0C-AC8B-D247CADE99F3}.MinSizeRel|x86.Build.0 = Release|Any CPU
		{FE73B04F-8892-4D0C-AC8B-D247CADE99F3}.Release|Any CPU.ActiveCfg = Release|Any CPU
		{FE73B04F-8892-4D0C-AC8B-D247CADE99F3}.Release|Any CPU.Build.0 = Release|Any CPU
		{FE73B04F-8892-4D0C-AC8B-D247CADE99F3}.Release|x64.ActiveCfg = Release|Any CPU
		{FE73B04F-8892-4D0C-AC8B-D247CADE99F3}.Release|x64.Build.0 = Release|Any CPU
		{FE73B04F-8892-4D0C-AC8B-D247CADE99F3}.Release|x86.ActiveCfg = Release|Any CPU
		{FE73B04F-8892-4D0C-AC8B-D247CADE99F3}.Release|x86.Build.0 = Release|Any CPU
		{FE73B04F-8892-4D0C-AC8B-D247CADE99F3}.RelWithDebInfo|Any CPU.ActiveCfg = Release|Any CPU
		{FE73B04F-8892-4D0C-AC8B-D247CADE99F3}.RelWithDebInfo|Any CPU.Build.0 = Release|Any CPU
		{FE73B04F-8892-4D0C-AC8B-D247CADE99F3}.RelWithDebInfo|x64.ActiveCfg = Release|Any CPU
		{FE73B04F-8892-4D0C-AC8B-D247CADE99F3}.RelWithDebInfo|x64.Build.0 = Release|Any CPU
		{FE73B04F-8892-4D0C-AC8B-D247CADE99F3}.RelWithDebInfo|x86.ActiveCfg = Release|Any CPU
		{FE73B04F-8892-4D0C-AC8B-D247CADE99F3}.RelWithDebInfo|x86.Build.0 = Release|Any CPU
		{02272F21-DC9B-4CF1-BAC7-57FA4FA10ED3}.Debug|Any CPU.ActiveCfg = Debug|Any CPU
		{02272F21-DC9B-4CF1-BAC7-57FA4FA10ED3}.Debug|Any CPU.Build.0 = Debug|Any CPU
		{02272F21-DC9B-4CF1-BAC7-57FA4FA10ED3}.Debug|x64.ActiveCfg = Debug|Any CPU
		{02272F21-DC9B-4CF1-BAC7-57FA4FA10ED3}.Debug|x64.Build.0 = Debug|Any CPU
		{02272F21-DC9B-4CF1-BAC7-57FA4FA10ED3}.Debug|x86.ActiveCfg = Debug|Any CPU
		{02272F21-DC9B-4CF1-BAC7-57FA4FA10ED3}.Debug|x86.Build.0 = Debug|Any CPU
		{02272F21-DC9B-4CF1-BAC7-57FA4FA10ED3}.MinSizeRel|Any CPU.ActiveCfg = Release|Any CPU
		{02272F21-DC9B-4CF1-BAC7-57FA4FA10ED3}.MinSizeRel|Any CPU.Build.0 = Release|Any CPU
		{02272F21-DC9B-4CF1-BAC7-57FA4FA10ED3}.MinSizeRel|x64.ActiveCfg = Release|Any CPU
		{02272F21-DC9B-4CF1-BAC7-57FA4FA10ED3}.MinSizeRel|x64.Build.0 = Release|Any CPU
		{02272F21-DC9B-4CF1-BAC7-57FA4FA10ED3}.MinSizeRel|x86.ActiveCfg = Release|Any CPU
		{02272F21-DC9B-4CF1-BAC7-57FA4FA10ED3}.MinSizeRel|x86.Build.0 = Release|Any CPU
		{02272F21-DC9B-4CF1-BAC7-57FA4FA10ED3}.Release|Any CPU.ActiveCfg = Release|Any CPU
		{02272F21-DC9B-4CF1-BAC7-57FA4FA10ED3}.Release|Any CPU.Build.0 = Release|Any CPU
		{02272F21-DC9B-4CF1-BAC7-57FA4FA10ED3}.Release|x64.ActiveCfg = Release|Any CPU
		{02272F21-DC9B-4CF1-BAC7-57FA4FA10ED3}.Release|x64.Build.0 = Release|Any CPU
		{02272F21-DC9B-4CF1-BAC7-57FA4FA10ED3}.Release|x86.ActiveCfg = Release|Any CPU
		{02272F21-DC9B-4CF1-BAC7-57FA4FA10ED3}.Release|x86.Build.0 = Release|Any CPU
		{02272F21-DC9B-4CF1-BAC7-57FA4FA10ED3}.RelWithDebInfo|Any CPU.ActiveCfg = Release|Any CPU
		{02272F21-DC9B-4CF1-BAC7-57FA4FA10ED3}.RelWithDebInfo|Any CPU.Build.0 = Release|Any CPU
		{02272F21-DC9B-4CF1-BAC7-57FA4FA10ED3}.RelWithDebInfo|x64.ActiveCfg = Release|Any CPU
		{02272F21-DC9B-4CF1-BAC7-57FA4FA10ED3}.RelWithDebInfo|x64.Build.0 = Release|Any CPU
		{02272F21-DC9B-4CF1-BAC7-57FA4FA10ED3}.RelWithDebInfo|x86.ActiveCfg = Release|Any CPU
		{02272F21-DC9B-4CF1-BAC7-57FA4FA10ED3}.RelWithDebInfo|x86.Build.0 = Release|Any CPU
	EndGlobalSection
	GlobalSection(SolutionProperties) = preSolution
		HideSolutionNode = FALSE
	EndGlobalSection
	GlobalSection(NestedProjects) = preSolution
		{0E855840-A4EA-499B-BC26-62692B266181} = {5CDA810B-6FE7-4BDA-ABC8-55E757FF9A9D}
	EndGlobalSection
	GlobalSection(ExtensibilityGlobals) = postSolution
		SolutionGuid = {2CCFEFBA-F2DA-4EC6-BE66-8A822C6E56D8}
	EndGlobalSection
EndGlobal
