
Microsoft Visual Studio Solution File, Format Version 12.00
# Visual Studio 14
VisualStudioVersion = 14.0.25420.1
MinimumVisualStudioVersion = 10.0.40219.1
Project("{FAE04EC0-301F-11D3-BF4B-00C04F79EFBC}") = "EmotionDetectionAsset", "EmotionDetectionAsset\EmotionDetectionAsset.csproj", "{4D1F98C7-6827-4F99-B676-F5C9AF632609}"
EndProject
Project("{FAE04EC0-301F-11D3-BF4B-00C04F79EFBC}") = "EmotionDetectionAsset_Portable", "EmotionDetectionAsset_Portable\EmotionDetectionAsset_Portable.csproj", "{A441FEE9-482A-418E-B046-795B2233B910}"
EndProject
Project("{FAE04EC0-301F-11D3-BF4B-00C04F79EFBC}") = "EmotionDetectionAsset_Test", "EmotionDetectionAsset_Test\EmotionDetectionAsset_Test.csproj", "{FE73B04F-8892-4D0C-AC8B-D247CADE99F3}"
EndProject
Project("{8BC9CEB8-8B4A-11D0-8D11-00A0C91BC942}") = "dlibwrapper", "..\dlib-master\examples\build\dlibwrapper.vcxproj", "{578DCC34-0C18-30C4-8000-ADA70DA41645}"
EndProject
Project("{FAE04EC0-301F-11D3-BF4B-00C04F79EFBC}") = "EmotionDetectionAsset_Demo", "EmotionDetectionAsset_Demo\EmotionDetectionAsset_Demo.csproj", "{02272F21-DC9B-4CF1-BAC7-57FA4FA10ED3}"
EndProject
Project("{FAE04EC0-301F-11D3-BF4B-00C04F79EFBC}") = "EPPlus", "..\EPPlus\EPPlus\EPPlus.csproj", "{7B288026-5502-4A39-BF41-77E086F3E4A3}"
EndProject
Global
	GlobalSection(SolutionConfigurationPlatforms) = preSolution
		Debug|Any CPU = Debug|Any CPU
		Debug|x64 = Debug|x64
		Debug|x86 = Debug|x86
		MinSizeRel|Any CPU = MinSizeRel|Any CPU
		MinSizeRel|x64 = MinSizeRel|x64
		MinSizeRel|x86 = MinSizeRel|x86
		Release|Any CPU = Release|Any CPU
		Release|x64 = Release|x64
		Release|x86 = Release|x86
		RelWithDebInfo|Any CPU = RelWithDebInfo|Any CPU
		RelWithDebInfo|x64 = RelWithDebInfo|x64
		RelWithDebInfo|x86 = RelWithDebInfo|x86
	EndGlobalSection
	GlobalSection(ProjectConfigurationPlatforms) = postSolution
		{4D1F98C7-6827-4F99-B676-F5C9AF632609}.Debug|Any CPU.ActiveCfg = Debug|Any CPU
		{4D1F98C7-6827-4F99-B676-F5C9AF632609}.Debug|Any CPU.Build.0 = Debug|Any CPU
		{4D1F98C7-6827-4F99-B676-F5C9AF632609}.Debug|x64.ActiveCfg = Debug|Any CPU
		{4D1F98C7-6827-4F99-B676-F5C9AF632609}.Debug|x64.Build.0 = Debug|Any CPU
		{4D1F98C7-6827-4F99-B676-F5C9AF632609}.Debug|x86.ActiveCfg = Debug|Any CPU
		{4D1F98C7-6827-4F99-B676-F5C9AF632609}.Debug|x86.Build.0 = Debug|Any CPU
		{4D1F98C7-6827-4F99-B676-F5C9AF632609}.MinSizeRel|Any CPU.ActiveCfg = Release|Any CPU
		{4D1F98C7-6827-4F99-B676-F5C9AF632609}.MinSizeRel|Any CPU.Build.0 = Release|Any CPU
		{4D1F98C7-6827-4F99-B676-F5C9AF632609}.MinSizeRel|x64.ActiveCfg = Release|Any CPU
		{4D1F98C7-6827-4F99-B676-F5C9AF632609}.MinSizeRel|x64.Build.0 = Release|Any CPU
		{4D1F98C7-6827-4F99-B676-F5C9AF632609}.MinSizeRel|x86.ActiveCfg = Release|Any CPU
		{4D1F98C7-6827-4F99-B676-F5C9AF632609}.MinSizeRel|x86.Build.0 = Release|Any CPU
		{4D1F98C7-6827-4F99-B676-F5C9AF632609}.Release|Any CPU.ActiveCfg = Release|Any CPU
		{4D1F98C7-6827-4F99-B676-F5C9AF632609}.Release|Any CPU.Build.0 = Release|Any CPU
		{4D1F98C7-6827-4F99-B676-F5C9AF632609}.Release|x64.ActiveCfg = Release|Any CPU
		{4D1F98C7-6827-4F99-B676-F5C9AF632609}.Release|x64.Build.0 = Release|Any CPU
		{4D1F98C7-6827-4F99-B676-F5C9AF632609}.Release|x86.ActiveCfg = Release|Any CPU
		{4D1F98C7-6827-4F99-B676-F5C9AF632609}.Release|x86.Build.0 = Release|Any CPU
		{4D1F98C7-6827-4F99-B676-F5C9AF632609}.RelWithDebInfo|Any CPU.ActiveCfg = Release|Any CPU
		{4D1F98C7-6827-4F99-B676-F5C9AF632609}.RelWithDebInfo|Any CPU.Build.0 = Release|Any CPU
		{4D1F98C7-6827-4F99-B676-F5C9AF632609}.RelWithDebInfo|x64.ActiveCfg = Release|Any CPU
		{4D1F98C7-6827-4F99-B676-F5C9AF632609}.RelWithDebInfo|x64.Build.0 = Release|Any CPU
		{4D1F98C7-6827-4F99-B676-F5C9AF632609}.RelWithDebInfo|x86.ActiveCfg = Release|Any CPU
		{4D1F98C7-6827-4F99-B676-F5C9AF632609}.RelWithDebInfo|x86.Build.0 = Release|Any CPU
		{A441FEE9-482A-418E-B046-795B2233B910}.Debug|Any CPU.ActiveCfg = Debug|Any CPU
		{A441FEE9-482A-418E-B046-795B2233B910}.Debug|Any CPU.Build.0 = Debug|Any CPU
		{A441FEE9-482A-418E-B046-795B2233B910}.Debug|x64.ActiveCfg = Debug|Any CPU
		{A441FEE9-482A-418E-B046-795B2233B910}.Debug|x64.Build.0 = Debug|Any CPU
		{A441FEE9-482A-418E-B046-795B2233B910}.Debug|x86.ActiveCfg = Debug|Any CPU
		{A441FEE9-482A-418E-B046-795B2233B910}.Debug|x86.Build.0 = Debug|Any CPU
		{A441FEE9-482A-418E-B046-795B2233B910}.MinSizeRel|Any CPU.ActiveCfg = Release|Any CPU
		{A441FEE9-482A-418E-B046-795B2233B910}.MinSizeRel|Any CPU.Build.0 = Release|Any CPU
		{A441FEE9-482A-418E-B046-795B2233B910}.MinSizeRel|x64.ActiveCfg = Release|Any CPU
		{A441FEE9-482A-418E-B046-795B2233B910}.MinSizeRel|x64.Build.0 = Release|Any CPU
		{A441FEE9-482A-418E-B046-795B2233B910}.MinSizeRel|x86.ActiveCfg = Release|Any CPU
		{A441FEE9-482A-418E-B046-795B2233B910}.MinSizeRel|x86.Build.0 = Release|Any CPU
		{A441FEE9-482A-418E-B046-795B2233B910}.Release|Any CPU.ActiveCfg = Release|Any CPU
		{A441FEE9-482A-418E-B046-795B2233B910}.Release|Any CPU.Build.0 = Release|Any CPU
		{A441FEE9-482A-418E-B046-795B2233B910}.Release|x64.ActiveCfg = Release|Any CPU
		{A441FEE9-482A-418E-B046-795B2233B910}.Release|x64.Build.0 = Release|Any CPU
		{A441FEE9-482A-418E-B046-795B2233B910}.Release|x86.ActiveCfg = Release|Any CPU
		{A441FEE9-482A-418E-B046-795B2233B910}.Release|x86.Build.0 = Release|Any CPU
		{A441FEE9-482A-418E-B046-795B2233B910}.RelWithDebInfo|Any CPU.ActiveCfg = Release|Any CPU
		{A441FEE9-482A-418E-B046-795B2233B910}.RelWithDebInfo|Any CPU.Build.0 = Release|Any CPU
		{A441FEE9-482A-418E-B046-795B2233B910}.RelWithDebInfo|x64.ActiveCfg = Release|Any CPU
		{A441FEE9-482A-418E-B046-795B2233B910}.RelWithDebInfo|x64.Build.0 = Release|Any CPU
		{A441FEE9-482A-418E-B046-795B2233B910}.RelWithDebInfo|x86.ActiveCfg = Release|Any CPU
		{A441FEE9-482A-418E-B046-795B2233B910}.RelWithDebInfo|x86.Build.0 = Release|Any CPU
		{FE73B04F-8892-4D0C-AC8B-D247CADE99F3}.Debug|Any CPU.ActiveCfg = Debug|Any CPU
		{FE73B04F-8892-4D0C-AC8B-D247CADE99F3}.Debug|Any CPU.Build.0 = Debug|Any CPU
		{FE73B04F-8892-4D0C-AC8B-D247CADE99F3}.Debug|x64.ActiveCfg = Debug|Any CPU
		{FE73B04F-8892-4D0C-AC8B-D247CADE99F3}.Debug|x64.Build.0 = Debug|Any CPU
		{FE73B04F-8892-4D0C-AC8B-D247CADE99F3}.Debug|x86.ActiveCfg = Debug|Any CPU
		{FE73B04F-8892-4D0C-AC8B-D247CADE99F3}.Debug|x86.Build.0 = Debug|Any CPU
		{FE73B04F-8892-4D0C-AC8B-D247CADE99F3}.MinSizeRel|Any CPU.ActiveCfg = Release|Any CPU
		{FE73B04F-8892-4D0C-AC8B-D247CADE99F3}.MinSizeRel|Any CPU.Build.0 = Release|Any CPU
		{FE73B04F-8892-4D0C-AC8B-D247CADE99F3}.MinSizeRel|x64.ActiveCfg = Release|Any CPU
		{FE73B04F-8892-4D0C-AC8B-D247CADE99F3}.MinSizeRel|x64.Build.0 = Release|Any CPU
		{FE73B04F-8892-4D0C-AC8B-D247CADE99F3}.MinSizeRel|x86.ActiveCfg = Release|Any CPU
		{FE73B04F-8892-4D0C-AC8B-D247CADE99F3}.MinSizeRel|x86.Build.0 = Release|Any CPU
		{FE73B04F-8892-4D0C-AC8B-D247CADE99F3}.Release|Any CPU.ActiveCfg = Release|Any CPU
		{FE73B04F-8892-4D0C-AC8B-D247CADE99F3}.Release|Any CPU.Build.0 = Release|Any CPU
		{FE73B04F-8892-4D0C-AC8B-D247CADE99F3}.Release|x64.ActiveCfg = Release|Any CPU
		{FE73B04F-8892-4D0C-AC8B-D247CADE99F3}.Release|x64.Build.0 = Release|Any CPU
		{FE73B04F-8892-4D0C-AC8B-D247CADE99F3}.Release|x86.ActiveCfg = Release|Any CPU
		{FE73B04F-8892-4D0C-AC8B-D247CADE99F3}.Release|x86.Build.0 = Release|Any CPU
		{FE73B04F-8892-4D0C-AC8B-D247CADE99F3}.RelWithDebInfo|Any CPU.ActiveCfg = Release|Any CPU
		{FE73B04F-8892-4D0C-AC8B-D247CADE99F3}.RelWithDebInfo|Any CPU.Build.0 = Release|Any CPU
		{FE73B04F-8892-4D0C-AC8B-D247CADE99F3}.RelWithDebInfo|x64.ActiveCfg = Release|Any CPU
		{FE73B04F-8892-4D0C-AC8B-D247CADE99F3}.RelWithDebInfo|x64.Build.0 = Release|Any CPU
		{FE73B04F-8892-4D0C-AC8B-D247CADE99F3}.RelWithDebInfo|x86.ActiveCfg = Release|Any CPU
		{FE73B04F-8892-4D0C-AC8B-D247CADE99F3}.RelWithDebInfo|x86.Build.0 = Release|Any CPU
		{578DCC34-0C18-30C4-8000-ADA70DA41645}.Debug|Any CPU.ActiveCfg = Debug|Win32
		{578DCC34-0C18-30C4-8000-ADA70DA41645}.Debug|x64.ActiveCfg = Debug|Win32
		{578DCC34-0C18-30C4-8000-ADA70DA41645}.Debug|x86.ActiveCfg = Debug|Win32
		{578DCC34-0C18-30C4-8000-ADA70DA41645}.Debug|x86.Build.0 = Debug|Win32
		{578DCC34-0C18-30C4-8000-ADA70DA41645}.MinSizeRel|Any CPU.ActiveCfg = MinSizeRel|Win32
		{578DCC34-0C18-30C4-8000-ADA70DA41645}.MinSizeRel|x64.ActiveCfg = MinSizeRel|Win32
		{578DCC34-0C18-30C4-8000-ADA70DA41645}.MinSizeRel|x86.ActiveCfg = MinSizeRel|Win32
		{578DCC34-0C18-30C4-8000-ADA70DA41645}.MinSizeRel|x86.Build.0 = MinSizeRel|Win32
		{578DCC34-0C18-30C4-8000-ADA70DA41645}.Release|Any CPU.ActiveCfg = Release|Win32
		{578DCC34-0C18-30C4-8000-ADA70DA41645}.Release|x64.ActiveCfg = Release|Win32
		{578DCC34-0C18-30C4-8000-ADA70DA41645}.Release|x86.ActiveCfg = Release|Win32
		{578DCC34-0C18-30C4-8000-ADA70DA41645}.Release|x86.Build.0 = Release|Win32
		{578DCC34-0C18-30C4-8000-ADA70DA41645}.RelWithDebInfo|Any CPU.ActiveCfg = RelWithDebInfo|Win32
		{578DCC34-0C18-30C4-8000-ADA70DA41645}.RelWithDebInfo|x64.ActiveCfg = RelWithDebInfo|Win32
		{578DCC34-0C18-30C4-8000-ADA70DA41645}.RelWithDebInfo|x86.ActiveCfg = RelWithDebInfo|Win32
		{578DCC34-0C18-30C4-8000-ADA70DA41645}.RelWithDebInfo|x86.Build.0 = RelWithDebInfo|Win32
		{02272F21-DC9B-4CF1-BAC7-57FA4FA10ED3}.Debug|Any CPU.ActiveCfg = Debug|Any CPU
		{02272F21-DC9B-4CF1-BAC7-57FA4FA10ED3}.Debug|Any CPU.Build.0 = Debug|Any CPU
		{02272F21-DC9B-4CF1-BAC7-57FA4FA10ED3}.Debug|x64.ActiveCfg = Debug|Any CPU
		{02272F21-DC9B-4CF1-BAC7-57FA4FA10ED3}.Debug|x64.Build.0 = Debug|Any CPU
		{02272F21-DC9B-4CF1-BAC7-57FA4FA10ED3}.Debug|x86.ActiveCfg = Debug|Any CPU
		{02272F21-DC9B-4CF1-BAC7-57FA4FA10ED3}.Debug|x86.Build.0 = Debug|Any CPU
		{02272F21-DC9B-4CF1-BAC7-57FA4FA10ED3}.MinSizeRel|Any CPU.ActiveCfg = Release|Any CPU
		{02272F21-DC9B-4CF1-BAC7-57FA4FA10ED3}.MinSizeRel|Any CPU.Build.0 = Release|Any CPU
		{02272F21-DC9B-4CF1-BAC7-57FA4FA10ED3}.MinSizeRel|x64.ActiveCfg = Release|Any CPU
		{02272F21-DC9B-4CF1-BAC7-57FA4FA10ED3}.MinSizeRel|x64.Build.0 = Release|Any CPU
		{02272F21-DC9B-4CF1-BAC7-57FA4FA10ED3}.MinSizeRel|x86.ActiveCfg = Release|Any CPU
		{02272F21-DC9B-4CF1-BAC7-57FA4FA10ED3}.MinSizeRel|x86.Build.0 = Release|Any CPU
		{02272F21-DC9B-4CF1-BAC7-57FA4FA10ED3}.Release|Any CPU.ActiveCfg = Release|Any CPU
		{02272F21-DC9B-4CF1-BAC7-57FA4FA10ED3}.Release|Any CPU.Build.0 = Release|Any CPU
		{02272F21-DC9B-4CF1-BAC7-57FA4FA10ED3}.Release|x64.ActiveCfg = Release|Any CPU
		{02272F21-DC9B-4CF1-BAC7-57FA4FA10ED3}.Release|x64.Build.0 = Release|Any CPU
		{02272F21-DC9B-4CF1-BAC7-57FA4FA10ED3}.Release|x86.ActiveCfg = Release|Any CPU
		{02272F21-DC9B-4CF1-BAC7-57FA4FA10ED3}.Release|x86.Build.0 = Release|Any CPU
		{02272F21-DC9B-4CF1-BAC7-57FA4FA10ED3}.RelWithDebInfo|Any CPU.ActiveCfg = Release|Any CPU
		{02272F21-DC9B-4CF1-BAC7-57FA4FA10ED3}.RelWithDebInfo|Any CPU.Build.0 = Release|Any CPU
		{02272F21-DC9B-4CF1-BAC7-57FA4FA10ED3}.RelWithDebInfo|x64.ActiveCfg = Release|Any CPU
		{02272F21-DC9B-4CF1-BAC7-57FA4FA10ED3}.RelWithDebInfo|x64.Build.0 = Release|Any CPU
		{02272F21-DC9B-4CF1-BAC7-57FA4FA10ED3}.RelWithDebInfo|x86.ActiveCfg = Release|Any CPU
		{02272F21-DC9B-4CF1-BAC7-57FA4FA10ED3}.RelWithDebInfo|x86.Build.0 = Release|Any CPU
		{7B288026-5502-4A39-BF41-77E086F3E4A3}.Debug|Any CPU.ActiveCfg = Debug|Any CPU
		{7B288026-5502-4A39-BF41-77E086F3E4A3}.Debug|Any CPU.Build.0 = Debug|Any CPU
		{7B288026-5502-4A39-BF41-77E086F3E4A3}.Debug|x64.ActiveCfg = Debug|Any CPU
		{7B288026-5502-4A39-BF41-77E086F3E4A3}.Debug|x64.Build.0 = Debug|Any CPU
		{7B288026-5502-4A39-BF41-77E086F3E4A3}.Debug|x86.ActiveCfg = Debug|Any CPU
		{7B288026-5502-4A39-BF41-77E086F3E4A3}.Debug|x86.Build.0 = Debug|Any CPU
		{7B288026-5502-4A39-BF41-77E086F3E4A3}.MinSizeRel|Any CPU.ActiveCfg = Release|Any CPU
		{7B288026-5502-4A39-BF41-77E086F3E4A3}.MinSizeRel|Any CPU.Build.0 = Release|Any CPU
		{7B288026-5502-4A39-BF41-77E086F3E4A3}.MinSizeRel|x64.ActiveCfg = Release|Any CPU
		{7B288026-5502-4A39-BF41-77E086F3E4A3}.MinSizeRel|x64.Build.0 = Release|Any CPU
		{7B288026-5502-4A39-BF41-77E086F3E4A3}.MinSizeRel|x86.ActiveCfg = Release|Any CPU
		{7B288026-5502-4A39-BF41-77E086F3E4A3}.MinSizeRel|x86.Build.0 = Release|Any CPU
		{7B288026-5502-4A39-BF41-77E086F3E4A3}.Release|Any CPU.ActiveCfg = Release|Any CPU
		{7B288026-5502-4A39-BF41-77E086F3E4A3}.Release|Any CPU.Build.0 = Release|Any CPU
		{7B288026-5502-4A39-BF41-77E086F3E4A3}.Release|x64.ActiveCfg = Release|Any CPU
		{7B288026-5502-4A39-BF41-77E086F3E4A3}.Release|x64.Build.0 = Release|Any CPU
		{7B288026-5502-4A39-BF41-77E086F3E4A3}.Release|x86.ActiveCfg = Release|Any CPU
		{7B288026-5502-4A39-BF41-77E086F3E4A3}.Release|x86.Build.0 = Release|Any CPU
		{7B288026-5502-4A39-BF41-77E086F3E4A3}.RelWithDebInfo|Any CPU.ActiveCfg = Release|Any CPU
		{7B288026-5502-4A39-BF41-77E086F3E4A3}.RelWithDebInfo|Any CPU.Build.0 = Release|Any CPU
		{7B288026-5502-4A39-BF41-77E086F3E4A3}.RelWithDebInfo|x64.ActiveCfg = Release|Any CPU
		{7B288026-5502-4A39-BF41-77E086F3E4A3}.RelWithDebInfo|x64.Build.0 = Release|Any CPU
		{7B288026-5502-4A39-BF41-77E086F3E4A3}.RelWithDebInfo|x86.ActiveCfg = Release|Any CPU
		{7B288026-5502-4A39-BF41-77E086F3E4A3}.RelWithDebInfo|x86.Build.0 = Release|Any CPU
	EndGlobalSection
	GlobalSection(SolutionProperties) = preSolution
		HideSolutionNode = FALSE
	EndGlobalSection
EndGlobal
